version = 1
requires-python = ">=3.13"

[[package]]
name = "baml-py"
version = "0.215.2"
source = { registry = "https://pypi.org/simple" }
wheels = [
    { url = "https://files.pythonhosted.org/packages/20/59/030b9f487c145fbe20c2ebc9b2170dce8b84f551558aa923895a7de7da41/baml_py-0.215.2-cp38-abi3-macosx_10_12_x86_64.whl", hash = "sha256:1ab7ac0b97e5a42ad6fe850c9938c972464bf1d55dc75ed5080ce9f1c3757620", size = 21674055 },
    { url = "https://files.pythonhosted.org/packages/80/34/d0b2d913c143c621d1fa7a39c1522cca69a3a4bb6fb9fe55fce73abe1743/baml_py-0.215.2-cp38-abi3-macosx_11_0_arm64.whl", hash = "sha256:a0e287af8d2310c0e273907cdeb72527385857a0a528e1eaf080316bca562d8a", size = 20598753 },
    { url = "https://files.pythonhosted.org/packages/8b/83/d587a2d8dd5df403827aeac29f00af4e1c4196fc6270d5f5839cfb256e25/baml_py-0.215.2-cp38-abi3-manylinux_2_17_x86_64.manylinux2014_x86_64.whl", hash = "sha256:c879f60d10563e73c70ba5f5d34992461b4e53c54c5899d40a41818fec811d34", size = 24395980 },
    { url = "https://files.pythonhosted.org/packages/78/51/c76d9e41f2491d94575ec8471fa4abf2f5636918709f9a22a8a325e912ad/baml_py-0.215.2-cp38-abi3-manylinux_2_24_aarch64.whl", hash = "sha256:8a61c7fec7ebacae85f4cc7ca54a46c415ce41e803a54a8d08a729c3cf403b05", size = 23772379 },
    { url = "https://files.pythonhosted.org/packages/8f/ab/adc91a3f121e298da966bb0e718a789261e10b3a85432bc33f72d849311c/baml_py-0.215.2-cp38-abi3-musllinux_1_1_aarch64.whl", hash = "sha256:287a16b06bd743b4c5ef506f3411a43d124ec31cd58bca3e14cca36ba7b32c75", size = 24025751 },
    { url = "https://files.pythonhosted.org/packages/8f/44/a66677df3ac1a57e9cc945bb355f93de8964b501208806689ba6d113d6d8/baml_py-0.215.2-cp38-abi3-musllinux_1_1_x86_64.whl", hash = "sha256:db7f2560cd8f6a460a77c91a1cc887cfb758a07f04518d700bf68b5f2014f125", size = 24581017 },
    { url = "https://files.pythonhosted.org/packages/f9/36/429c9a65fbd9a4b3a4e14bd550fa2eb4dca10a8ccda7e228a050b63ac8b5/baml_py-0.215.2-cp38-abi3-win_amd64.whl", hash = "sha256:5ad09c3028533ee39a335933ee5e60c5bfb3086fd8e8ad1dfbc513ef19a2f6b2", size = 22098186 },
    { url = "https://files.pythonhosted.org/packages/03/2a/b9e8d8280be95fa215060df55a1aeb645b45019e849f9a26a6fcd19e1e3b/baml_py-0.215.2-cp38-abi3-win_arm64.whl", hash = "sha256:ff84c6a2e03c00c55b813919507a4c55dd75a0ff925c76055d90a5d93cd8b206", size = 20148817 },
]

[[package]]
name = "colpali-qdrant-baml"
version = "0.1.0"
source = { virtual = "." }
dependencies = [
    { name = "baml-py" },
]

[package.metadata]
requires-dist = [{ name = "baml-py", specifier = "==0.215.2" }]
